// !$*UTF8*$!
{
	archiveVersion = 1;
	classes = {
	};
	objectVersion = 50;
	objects = {

/* Begin PBXBuildFile section */
		AF0891C8242F4A3000318B9A /* AppDelegate.swift in Sources */ = {isa = PBXBuildFile; fileRef = AF0891C7242F4A3000318B9A /* AppDelegate.swift */; };
		AF0891CA242F4A3000318B9A /* SceneDelegate.swift in Sources */ = {isa = PBXBuildFile; fileRef = AF0891C9242F4A3000318B9A /* SceneDelegate.swift */; };
		AF0891CC242F4A3000318B9A /* FirstViewController.swift in Sources */ = {isa = PBXBuildFile; fileRef = AF0891CB242F4A3000318B9A /* FirstViewController.swift */; };
		AF0891CE242F4A3000318B9A /* SecondViewController.swift in Sources */ = {isa = PBXBuildFile; fileRef = AF0891CD242F4A3000318B9A /* SecondViewController.swift */; };
		AF0891D1242F4A3000318B9A /* Main.storyboard in Resources */ = {isa = PBXBuildFile; fileRef = AF0891CF242F4A3000318B9A /* Main.storyboard */; };
		AF0891D3242F4A3100318B9A /* Assets.xcassets in Resources */ = {isa = PBXBuildFile; fileRef = AF0891D2242F4A3100318B9A /* Assets.xcassets */; };
		AF0891D6242F4A3100318B9A /* LaunchScreen.storyboard in Resources */ = {isa = PBXBuildFile; fileRef = AF0891D4242F4A3100318B9A /* LaunchScreen.storyboard */; };
		AF1EEFE0245176DB00C70992 /* StorageController.swift in Sources */ = {isa = PBXBuildFile; fileRef = AF1EEFDF245176DB00C70992 /* StorageController.swift */; };
		AF1EEFE22451770800C70992 /* User.swift in Sources */ = {isa = PBXBuildFile; fileRef = AF1EEFE12451770800C70992 /* User.swift */; };
		AF264088243093F60031F1AC /* ThirdViewController.swift in Sources */ = {isa = PBXBuildFile; fileRef = AF264087243093F60031F1AC /* ThirdViewController.swift */; };
		AF26408A243094040031F1AC /* FourthViewController.swift in Sources */ = {isa = PBXBuildFile; fileRef = AF264089243094040031F1AC /* FourthViewController.swift */; };
		AF3FE5F024498E2A00B56334 /* CountriesCollectionViewCell.swift in Sources */ = {isa = PBXBuildFile; fileRef = AF3FE5EE24498E2A00B56334 /* CountriesCollectionViewCell.swift */; };
		AF3FE5F124498E2A00B56334 /* CountriesCollectionViewCell.xib in Resources */ = {isa = PBXBuildFile; fileRef = AF3FE5EF24498E2A00B56334 /* CountriesCollectionViewCell.xib */; };
		AFB3043C2445F32000FAD5C0 /* Views.swift in Sources */ = {isa = PBXBuildFile; fileRef = AFB3043B2445F32000FAD5C0 /* Views.swift */; };
		AFE1BD5A243E095400168AF2 /* countriesDict.json in Resources */ = {isa = PBXBuildFile; fileRef = AFE1BD59243E095400168AF2 /* countriesDict.json */; };
		AFE1BD5C243E0B6700168AF2 /* Country.swift in Sources */ = {isa = PBXBuildFile; fileRef = AFE1BD5B243E0B6700168AF2 /* Country.swift */; };
		AFE1BD5E243E0B6D00168AF2 /* GetFlags.swift in Sources */ = {isa = PBXBuildFile; fileRef = AFE1BD5D243E0B6D00168AF2 /* GetFlags.swift */; };
		AFE1BD60243E0B7600168AF2 /* SwiftyJSON.swift in Sources */ = {isa = PBXBuildFile; fileRef = AFE1BD5F243E0B7600168AF2 /* SwiftyJSON.swift */; };
		AFE1BD63243E0BC200168AF2 /* Formatter.swift in Sources */ = {isa = PBXBuildFile; fileRef = AFE1BD62243E0BC200168AF2 /* Formatter.swift */; };
		AFE1BD65243E0BC800168AF2 /* UIButton.swift in Sources */ = {isa = PBXBuildFile; fileRef = AFE1BD64243E0BC800168AF2 /* UIButton.swift */; };
		AFE1BD69243E0BD400168AF2 /* UILabel.swift in Sources */ = {isa = PBXBuildFile; fileRef = AFE1BD68243E0BD400168AF2 /* UILabel.swift */; };
		AFE1BD71243E0F2B00168AF2 /* Countries in Resources */ = {isa = PBXBuildFile; fileRef = AFE1BD70243E0F2A00168AF2 /* Countries */; };
/* End PBXBuildFile section */

/* Begin PBXFileReference section */
		AF0891C4242F4A3000318B9A /* CountryAndFlagQuiz.app */ = {isa = PBXFileReference; explicitFileType = wrapper.application; includeInIndex = 0; path = CountryAndFlagQuiz.app; sourceTree = BUILT_PRODUCTS_DIR; };
		AF0891C7242F4A3000318B9A /* AppDelegate.swift */ = {isa = PBXFileReference; lastKnownFileType = sourcecode.swift; path = AppDelegate.swift; sourceTree = "<group>"; };
		AF0891C9242F4A3000318B9A /* SceneDelegate.swift */ = {isa = PBXFileReference; lastKnownFileType = sourcecode.swift; path = SceneDelegate.swift; sourceTree = "<group>"; };
		AF0891CB242F4A3000318B9A /* FirstViewController.swift */ = {isa = PBXFileReference; lastKnownFileType = sourcecode.swift; path = FirstViewController.swift; sourceTree = "<group>"; };
		AF0891CD242F4A3000318B9A /* SecondViewController.swift */ = {isa = PBXFileReference; lastKnownFileType = sourcecode.swift; path = SecondViewController.swift; sourceTree = "<group>"; };
		AF0891D0242F4A3000318B9A /* Base */ = {isa = PBXFileReference; lastKnownFileType = file.storyboard; name = Base; path = Base.lproj/Main.storyboard; sourceTree = "<group>"; };
		AF0891D2242F4A3100318B9A /* Assets.xcassets */ = {isa = PBXFileReference; lastKnownFileType = folder.assetcatalog; path = Assets.xcassets; sourceTree = "<group>"; };
		AF0891D5242F4A3100318B9A /* Base */ = {isa = PBXFileReference; lastKnownFileType = file.storyboard; name = Base; path = Base.lproj/LaunchScreen.storyboard; sourceTree = "<group>"; };
		AF0891D7242F4A3100318B9A /* Info.plist */ = {isa = PBXFileReference; lastKnownFileType = text.plist.xml; path = Info.plist; sourceTree = "<group>"; };
		AF1EEFDF245176DB00C70992 /* StorageController.swift */ = {isa = PBXFileReference; fileEncoding = 4; lastKnownFileType = sourcecode.swift; path = StorageController.swift; sourceTree = "<group>"; };
		AF1EEFE12451770800C70992 /* User.swift */ = {isa = PBXFileReference; fileEncoding = 4; lastKnownFileType = sourcecode.swift; path = User.swift; sourceTree = "<group>"; };
		AF264087243093F60031F1AC /* ThirdViewController.swift */ = {isa = PBXFileReference; lastKnownFileType = sourcecode.swift; path = ThirdViewController.swift; sourceTree = "<group>"; };
		AF264089243094040031F1AC /* FourthViewController.swift */ = {isa = PBXFileReference; lastKnownFileType = sourcecode.swift; path = FourthViewController.swift; sourceTree = "<group>"; };
		AF3FE5EE24498E2A00B56334 /* CountriesCollectionViewCell.swift */ = {isa = PBXFileReference; lastKnownFileType = sourcecode.swift; path = CountriesCollectionViewCell.swift; sourceTree = "<group>"; };
		AF3FE5EF24498E2A00B56334 /* CountriesCollectionViewCell.xib */ = {isa = PBXFileReference; lastKnownFileType = file.xib; path = CountriesCollectionViewCell.xib; sourceTree = "<group>"; };
		AFB3043B2445F32000FAD5C0 /* Views.swift */ = {isa = PBXFileReference; fileEncoding = 4; lastKnownFileType = sourcecode.swift; path = Views.swift; sourceTree = "<group>"; };
		AFE1BD59243E095400168AF2 /* countriesDict.json */ = {isa = PBXFileReference; lastKnownFileType = text.json; path = countriesDict.json; sourceTree = "<group>"; };
		AFE1BD5B243E0B6700168AF2 /* Country.swift */ = {isa = PBXFileReference; fileEncoding = 4; lastKnownFileType = sourcecode.swift; path = Country.swift; sourceTree = "<group>"; };
		AFE1BD5D243E0B6D00168AF2 /* GetFlags.swift */ = {isa = PBXFileReference; fileEncoding = 4; lastKnownFileType = sourcecode.swift; path = GetFlags.swift; sourceTree = "<group>"; };
		AFE1BD5F243E0B7600168AF2 /* SwiftyJSON.swift */ = {isa = PBXFileReference; fileEncoding = 4; lastKnownFileType = sourcecode.swift; path = SwiftyJSON.swift; sourceTree = "<group>"; };
		AFE1BD62243E0BC200168AF2 /* Formatter.swift */ = {isa = PBXFileReference; fileEncoding = 4; lastKnownFileType = sourcecode.swift; path = Formatter.swift; sourceTree = "<group>"; };
		AFE1BD64243E0BC800168AF2 /* UIButton.swift */ = {isa = PBXFileReference; fileEncoding = 4; lastKnownFileType = sourcecode.swift; path = UIButton.swift; sourceTree = "<group>"; };
		AFE1BD68243E0BD400168AF2 /* UILabel.swift */ = {isa = PBXFileReference; fileEncoding = 4; lastKnownFileType = sourcecode.swift; path = UILabel.swift; sourceTree = "<group>"; };
		AFE1BD70243E0F2A00168AF2 /* Countries */ = {isa = PBXFileReference; lastKnownFileType = folder; path = Countries; sourceTree = "<group>"; };
/* End PBXFileReference section */

/* Begin PBXFrameworksBuildPhase section */
		AF0891C1242F4A3000318B9A /* Frameworks */ = {
			isa = PBXFrameworksBuildPhase;
			buildActionMask = 2147483647;
			files = (
			);
			runOnlyForDeploymentPostprocessing = 0;
		};
/* End PBXFrameworksBuildPhase section */

/* Begin PBXGroup section */
		AF0891BB242F4A3000318B9A = {
			isa = PBXGroup;
			children = (
				AF0891C6242F4A3000318B9A /* CountryAndFlagQuiz */,
				AF0891C5242F4A3000318B9A /* Products */,
			);
			sourceTree = "<group>";
		};
		AF0891C5242F4A3000318B9A /* Products */ = {
			isa = PBXGroup;
			children = (
				AF0891C4242F4A3000318B9A /* CountryAndFlagQuiz.app */,
			);
			name = Products;
			sourceTree = "<group>";
		};
		AF0891C6242F4A3000318B9A /* CountryAndFlagQuiz */ = {
			isa = PBXGroup;
			children = (
				AFE1BD61243E0BA900168AF2 /* Helpers */,
				AFE1BD70243E0F2A00168AF2 /* Countries */,
				AF612DDB243E08A200686642 /* Data */,
				AF0891C7242F4A3000318B9A /* AppDelegate.swift */,
				AF0891C9242F4A3000318B9A /* SceneDelegate.swift */,
				AF17057C243E085A00D0F174 /* ViewControllers */,
				AF0891CF242F4A3000318B9A /* Main.storyboard */,
				AF0891D2242F4A3100318B9A /* Assets.xcassets */,
				AF0891D4242F4A3100318B9A /* LaunchScreen.storyboard */,
				AF0891D7242F4A3100318B9A /* Info.plist */,
			);
			path = CountryAndFlagQuiz;
			sourceTree = "<group>";
		};
		AF17057C243E085A00D0F174 /* ViewControllers */ = {
			isa = PBXGroup;
			children = (
				AFE1BD6A243E0BF600168AF2 /* StartVC */,
				AFE1BD6B243E0C1500168AF2 /* QuizVC */,
				AFE1BD6C243E0C2900168AF2 /* TimeQuizVC */,
				AFE1BD6D243E0C3900168AF2 /* CountriesVC */,
			);
			path = ViewControllers;
			sourceTree = "<group>";
		};
		AF612DDB243E08A200686642 /* Data */ = {
			isa = PBXGroup;
			children = (
				AF1EEFE12451770800C70992 /* User.swift */,
				AF1EEFDF245176DB00C70992 /* StorageController.swift */,
				AFE1BD5F243E0B7600168AF2 /* SwiftyJSON.swift */,
				AFE1BD5D243E0B6D00168AF2 /* GetFlags.swift */,
				AFE1BD5B243E0B6700168AF2 /* Country.swift */,
				AFE1BD59243E095400168AF2 /* countriesDict.json */,
			);
			path = Data;
			sourceTree = "<group>";
		};
		AFE1BD61243E0BA900168AF2 /* Helpers */ = {
			isa = PBXGroup;
			children = (
				AFB3043B2445F32000FAD5C0 /* Views.swift */,
				AFE1BD64243E0BC800168AF2 /* UIButton.swift */,
				AFE1BD68243E0BD400168AF2 /* UILabel.swift */,
				AFE1BD62243E0BC200168AF2 /* Formatter.swift */,
			);
			path = Helpers;
			sourceTree = "<group>";
		};
		AFE1BD6A243E0BF600168AF2 /* StartVC */ = {
			isa = PBXGroup;
			children = (
				AF0891CB242F4A3000318B9A /* FirstViewController.swift */,
			);
			path = StartVC;
			sourceTree = "<group>";
		};
		AFE1BD6B243E0C1500168AF2 /* QuizVC */ = {
			isa = PBXGroup;
			children = (
				AF0891CD242F4A3000318B9A /* SecondViewController.swift */,
			);
			path = QuizVC;
			sourceTree = "<group>";
		};
		AFE1BD6C243E0C2900168AF2 /* TimeQuizVC */ = {
			isa = PBXGroup;
			children = (
				AF264087243093F60031F1AC /* ThirdViewController.swift */,
			);
			path = TimeQuizVC;
			sourceTree = "<group>";
		};
		AFE1BD6D243E0C3900168AF2 /* CountriesVC */ = {
			isa = PBXGroup;
			children = (
				AF264089243094040031F1AC /* FourthViewController.swift */,
				AF3FE5EE24498E2A00B56334 /* CountriesCollectionViewCell.swift */,
				AF3FE5EF24498E2A00B56334 /* CountriesCollectionViewCell.xib */,
			);
			path = CountriesVC;
			sourceTree = "<group>";
		};
/* End PBXGroup section */

/* Begin PBXNativeTarget section */
		AF0891C3242F4A3000318B9A /* CountryAndFlagQuiz */ = {
			isa = PBXNativeTarget;
			buildConfigurationList = AF0891DA242F4A3100318B9A /* Build configuration list for PBXNativeTarget "CountryAndFlagQuiz" */;
			buildPhases = (
				AF0891C0242F4A3000318B9A /* Sources */,
				AF0891C1242F4A3000318B9A /* Frameworks */,
				AF0891C2242F4A3000318B9A /* Resources */,
			);
			buildRules = (
			);
			dependencies = (
			);
			name = CountryAndFlagQuiz;
			productName = CountryAndFlagQuiz;
			productReference = AF0891C4242F4A3000318B9A /* CountryAndFlagQuiz.app */;
			productType = "com.apple.product-type.application";
		};
/* End PBXNativeTarget section */

/* Begin PBXProject section */
		AF0891BC242F4A3000318B9A /* Project object */ = {
			isa = PBXProject;
			attributes = {
				LastSwiftUpdateCheck = 1130;
				LastUpgradeCheck = 1130;
				ORGANIZATIONNAME = Henrik;
				TargetAttributes = {
					AF0891C3242F4A3000318B9A = {
						CreatedOnToolsVersion = 11.3.1;
					};
				};
			};
			buildConfigurationList = AF0891BF242F4A3000318B9A /* Build configuration list for PBXProject "CountryAndFlagQuiz" */;
			compatibilityVersion = "Xcode 9.3";
			developmentRegion = en;
			hasScannedForEncodings = 0;
			knownRegions = (
				en,
				Base,
			);
			mainGroup = AF0891BB242F4A3000318B9A;
			productRefGroup = AF0891C5242F4A3000318B9A /* Products */;
			projectDirPath = "";
			projectRoot = "";
			targets = (
				AF0891C3242F4A3000318B9A /* CountryAndFlagQuiz */,
			);
		};
/* End PBXProject section */

/* Begin PBXResourcesBuildPhase section */
		AF0891C2242F4A3000318B9A /* Resources */ = {
			isa = PBXResourcesBuildPhase;
			buildActionMask = 2147483647;
			files = (
				AFE1BD71243E0F2B00168AF2 /* Countries in Resources */,
				AF3FE5F124498E2A00B56334 /* CountriesCollectionViewCell.xib in Resources */,
				AF0891D6242F4A3100318B9A /* LaunchScreen.storyboard in Resources */,
				AF0891D3242F4A3100318B9A /* Assets.xcassets in Resources */,
				AFE1BD5A243E095400168AF2 /* countriesDict.json in Resources */,
				AF0891D1242F4A3000318B9A /* Main.storyboard in Resources */,
			);
			runOnlyForDeploymentPostprocessing = 0;
		};
/* End PBXResourcesBuildPhase section */

/* Begin PBXSourcesBuildPhase section */
		AF0891C0242F4A3000318B9A /* Sources */ = {
			isa = PBXSourcesBuildPhase;
			buildActionMask = 2147483647;
			files = (
				AFE1BD5C243E0B6700168AF2 /* Country.swift in Sources */,
				AFE1BD69243E0BD400168AF2 /* UILabel.swift in Sources */,
				AF26408A243094040031F1AC /* FourthViewController.swift in Sources */,
				AFE1BD63243E0BC200168AF2 /* Formatter.swift in Sources */,
				AF0891CE242F4A3000318B9A /* SecondViewController.swift in Sources */,
				AF0891CC242F4A3000318B9A /* FirstViewController.swift in Sources */,
				AF264088243093F60031F1AC /* ThirdViewController.swift in Sources */,
				AF0891C8242F4A3000318B9A /* AppDelegate.swift in Sources */,
				AFE1BD60243E0B7600168AF2 /* SwiftyJSON.swift in Sources */,
				AFB3043C2445F32000FAD5C0 /* Views.swift in Sources */,
				AFE1BD65243E0BC800168AF2 /* UIButton.swift in Sources */,
				AF3FE5F024498E2A00B56334 /* CountriesCollectionViewCell.swift in Sources */,
				AFE1BD5E243E0B6D00168AF2 /* GetFlags.swift in Sources */,
				AF0891CA242F4A3000318B9A /* SceneDelegate.swift in Sources */,
				AF1EEFE0245176DB00C70992 /* StorageController.swift in Sources */,
				AF1EEFE22451770800C70992 /* User.swift in Sources */,
			);
			runOnlyForDeploymentPostprocessing = 0;
		};
/* End PBXSourcesBuildPhase section */

/* Begin PBXVariantGroup section */
		AF0891CF242F4A3000318B9A /* Main.storyboard */ = {
			isa = PBXVariantGroup;
			children = (
				AF0891D0242F4A3000318B9A /* Base */,
			);
			name = Main.storyboard;
			sourceTree = "<group>";
		};
		AF0891D4242F4A3100318B9A /* LaunchScreen.storyboard */ = {
			isa = PBXVariantGroup;
			children = (
				AF0891D5242F4A3100318B9A /* Base */,
			);
			name = LaunchScreen.storyboard;
			sourceTree = "<group>";
		};
/* End PBXVariantGroup section */

/* Begin XCBuildConfiguration section */
		AF0891D8242F4A3100318B9A /* Debug */ = {
			isa = XCBuildConfiguration;
			buildSettings = {
				ALWAYS_SEARCH_USER_PATHS = NO;
				CLANG_ANALYZER_NONNULL = YES;
				CLANG_ANALYZER_NUMBER_OBJECT_CONVERSION = YES_AGGRESSIVE;
				CLANG_CXX_LANGUAGE_STANDARD = "gnu++14";
				CLANG_CXX_LIBRARY = "libc++";
				CLANG_ENABLE_MODULES = YES;
				CLANG_ENABLE_OBJC_ARC = YES;
				CLANG_ENABLE_OBJC_WEAK = YES;
				CLANG_WARN_BLOCK_CAPTURE_AUTORELEASING = YES;
				CLANG_WARN_BOOL_CONVERSION = YES;
				CLANG_WARN_COMMA = YES;
				CLANG_WARN_CONSTANT_CONVERSION = YES;
				CLANG_WARN_DEPRECATED_OBJC_IMPLEMENTATIONS = YES;
				CLANG_WARN_DIRECT_OBJC_ISA_USAGE = YES_ERROR;
				CLANG_WARN_DOCUMENTATION_COMMENTS = YES;
				CLANG_WARN_EMPTY_BODY = YES;
				CLANG_WARN_ENUM_CONVERSION = YES;
				CLANG_WARN_INFINITE_RECURSION = YES;
				CLANG_WARN_INT_CONVERSION = YES;
				CLANG_WARN_NON_LITERAL_NULL_CONVERSION = YES;
				CLANG_WARN_OBJC_IMPLICIT_RETAIN_SELF = YES;
				CLANG_WARN_OBJC_LITERAL_CONVERSION = YES;
				CLANG_WARN_OBJC_ROOT_CLASS = YES_ERROR;
				CLANG_WARN_RANGE_LOOP_ANALYSIS = YES;
				CLANG_WARN_STRICT_PROTOTYPES = YES;
				CLANG_WARN_SUSPICIOUS_MOVE = YES;
				CLANG_WARN_UNGUARDED_AVAILABILITY = YES_AGGRESSIVE;
				CLANG_WARN_UNREACHABLE_CODE = YES;
				CLANG_WARN__DUPLICATE_METHOD_MATCH = YES;
				COPY_PHASE_STRIP = NO;
				DEBUG_INFORMATION_FORMAT = dwarf;
				ENABLE_STRICT_OBJC_MSGSEND = YES;
				ENABLE_TESTABILITY = YES;
				GCC_C_LANGUAGE_STANDARD = gnu11;
				GCC_DYNAMIC_NO_PIC = NO;
				GCC_NO_COMMON_BLOCKS = YES;
				GCC_OPTIMIZATION_LEVEL = 0;
				GCC_PREPROCESSOR_DEFINITIONS = (
					"DEBUG=1",
					"$(inherited)",
				);
				GCC_WARN_64_TO_32_BIT_CONVERSION = YES;
				GCC_WARN_ABOUT_RETURN_TYPE = YES_ERROR;
				GCC_WARN_UNDECLARED_SELECTOR = YES;
				GCC_WARN_UNINITIALIZED_AUTOS = YES_AGGRESSIVE;
				GCC_WARN_UNUSED_FUNCTION = YES;
				GCC_WARN_UNUSED_VARIABLE = YES;
				IPHONEOS_DEPLOYMENT_TARGET = 13.2;
				MTL_ENABLE_DEBUG_INFO = INCLUDE_SOURCE;
				MTL_FAST_MATH = YES;
				ONLY_ACTIVE_ARCH = YES;
				SDKROOT = iphoneos;
				SWIFT_ACTIVE_COMPILATION_CONDITIONS = DEBUG;
				SWIFT_OPTIMIZATION_LEVEL = "-Onone";
			};
			name = Debug;
		};
		AF0891D9242F4A3100318B9A /* Release */ = {
			isa = XCBuildConfiguration;
			buildSettings = {
				ALWAYS_SEARCH_USER_PATHS = NO;
				CLANG_ANALYZER_NONNULL = YES;
				CLANG_ANALYZER_NUMBER_OBJECT_CONVERSION = YES_AGGRESSIVE;
				CLANG_CXX_LANGUAGE_STANDARD = "gnu++14";
				CLANG_CXX_LIBRARY = "libc++";
				CLANG_ENABLE_MODULES = YES;
				CLANG_ENABLE_OBJC_ARC = YES;
				CLANG_ENABLE_OBJC_WEAK = YES;
				CLANG_WARN_BLOCK_CAPTURE_AUTORELEASING = YES;
				CLANG_WARN_BOOL_CONVERSION = YES;
				CLANG_WARN_COMMA = YES;
				CLANG_WARN_CONSTANT_CONVERSION = YES;
				CLANG_WARN_DEPRECATED_OBJC_IMPLEMENTATIONS = YES;
				CLANG_WARN_DIRECT_OBJC_ISA_USAGE = YES_ERROR;
				CLANG_WARN_DOCUMENTATION_COMMENTS = YES;
				CLANG_WARN_EMPTY_BODY = YES;
				CLANG_WARN_ENUM_CONVERSION = YES;
				CLANG_WARN_INFINITE_RECURSION = YES;
				CLANG_WARN_INT_CONVERSION = YES;
				CLANG_WARN_NON_LITERAL_NULL_CONVERSION = YES;
				CLANG_WARN_OBJC_IMPLICIT_RETAIN_SELF = YES;
				CLANG_WARN_OBJC_LITERAL_CONVERSION = YES;
				CLANG_WARN_OBJC_ROOT_CLASS = YES_ERROR;
				CLANG_WARN_RANGE_LOOP_ANALYSIS = YES;
				CLANG_WARN_STRICT_PROTOTYPES = YES;
				CLANG_WARN_SUSPICIOUS_MOVE = YES;
				CLANG_WARN_UNGUARDED_AVAILABILITY = YES_AGGRESSIVE;
				CLANG_WARN_UNREACHABLE_CODE = YES;
				CLANG_WARN__DUPLICATE_METHOD_MATCH = YES;
				COPY_PHASE_STRIP = NO;
				DEBUG_INFORMATION_FORMAT = "dwarf-with-dsym";
				ENABLE_NS_ASSERTIONS = NO;
				ENABLE_STRICT_OBJC_MSGSEND = YES;
				GCC_C_LANGUAGE_STANDARD = gnu11;
				GCC_NO_COMMON_BLOCKS = YES;
				GCC_WARN_64_TO_32_BIT_CONVERSION = YES;
				GCC_WARN_ABOUT_RETURN_TYPE = YES_ERROR;
				GCC_WARN_UNDECLARED_SELECTOR = YES;
				GCC_WARN_UNINITIALIZED_AUTOS = YES_AGGRESSIVE;
				GCC_WARN_UNUSED_FUNCTION = YES;
				GCC_WARN_UNUSED_VARIABLE = YES;
				IPHONEOS_DEPLOYMENT_TARGET = 13.2;
				MTL_ENABLE_DEBUG_INFO = NO;
				MTL_FAST_MATH = YES;
				SDKROOT = iphoneos;
				SWIFT_COMPILATION_MODE = wholemodule;
				SWIFT_OPTIMIZATION_LEVEL = "-O";
				VALIDATE_PRODUCT = YES;
			};
			name = Release;
		};
		AF0891DB242F4A3100318B9A /* Debug */ = {
			isa = XCBuildConfiguration;
			buildSettings = {
				ASSETCATALOG_COMPILER_APPICON_NAME = AppIcon;
				CODE_SIGN_STYLE = Automatic;
				DEVELOPMENT_TEAM = LT2ZWB24ZA;
				INFOPLIST_FILE = CountryAndFlagQuiz/Info.plist;
				IPHONEOS_DEPLOYMENT_TARGET = 12.0;
				LD_RUNPATH_SEARCH_PATHS = (
					"$(inherited)",
					"@executable_path/Frameworks",
				);
				PRODUCT_BUNDLE_IDENTIFIER = "se.henriklarsson-.CountryAndFlagQuiz";
				PRODUCT_NAME = "$(TARGET_NAME)";
				SWIFT_VERSION = 5.0;
				TARGETED_DEVICE_FAMILY = 1;
			};
			name = Debug;
		};
		AF0891DC242F4A3100318B9A /* Release */ = {
			isa = XCBuildConfiguration;
			buildSettings = {
				ASSETCATALOG_COMPILER_APPICON_NAME = AppIcon;
				CODE_SIGN_STYLE = Automatic;
				DEVELOPMENT_TEAM = LT2ZWB24ZA;
				INFOPLIST_FILE = CountryAndFlagQuiz/Info.plist;
				IPHONEOS_DEPLOYMENT_TARGET = 12.0;
				LD_RUNPATH_SEARCH_PATHS = (
					"$(inherited)",
					"@executable_path/Frameworks",
				);
				PRODUCT_BUNDLE_IDENTIFIER = "se.henriklarsson-.CountryAndFlagQuiz";
				PRODUCT_NAME = "$(TARGET_NAME)";
				SWIFT_VERSION = 5.0;
				TARGETED_DEVICE_FAMILY = 1;
			};
			name = Release;
		};
/* End XCBuildConfiguration section */

/* Begin XCConfigurationList section */
		AF0891BF242F4A3000318B9A /* Build configuration list for PBXProject "CountryAndFlagQuiz" */ = {
			isa = XCConfigurationList;
			buildConfigurations = (
				AF0891D8242F4A3100318B9A /* Debug */,
				AF0891D9242F4A3100318B9A /* Release */,
			);
			defaultConfigurationIsVisible = 0;
			defaultConfigurationName = Release;
		};
		AF0891DA242F4A3100318B9A /* Build configuration list for PBXNativeTarget "CountryAndFlagQuiz" */ = {
			isa = XCConfigurationList;
			buildConfigurations = (
				AF0891DB242F4A3100318B9A /* Debug */,
				AF0891DC242F4A3100318B9A /* Release */,
			);
			defaultConfigurationIsVisible = 0;
			defaultConfigurationName = Release;
		};
/* End XCConfigurationList section */
	};
	rootObject = AF0891BC242F4A3000318B9A /* Project object */;
}
